
Microsoft Visual Studio Solution File, Format Version 12.00
# Visual Studio Version 17
VisualStudioVersion = 17.2.32630.192
MinimumVisualStudioVersion = 10.0.40219.1
Project("{FAE04EC0-301F-11D3-BF4B-00C04F79EFBC}") = "Mondrian", "Mondrian\Mondrian.csproj", "{78C14CFB-6099-43FC-AA0F-05FDBEAB5071}"
EndProject
Global
	GlobalSection(SolutionConfigurationPlatforms) = preSolution
		Debug|Any CPU = Debug|Any CPU
		Release|Any CPU = Release|Any CPU
	EndGlobalSection
	GlobalSection(ProjectConfigurationPlatforms) = postSolution
		{78C14CFB-6099-43FC-AA0F-05FDBEAB5071}.Debug|Any CPU.ActiveCfg = Debug|Any CPU
		{78C14CFB-6099-43FC-AA0F-05FDBEAB5071}.Debug|Any CPU.Build.0 = Debug|Any CPU
		{78C14CFB-6099-43FC-AA0F-05FDBEAB5071}.Release|Any CPU.ActiveCfg = Release|Any CPU
		{78C14CFB-6099-43FC-AA0F-05FDBEAB5071}.Release|Any CPU.Build.0 = Release|Any CPU
	EndGlobalSection
	GlobalSection(SolutionProperties) = preSolution
		HideSolutionNode = FALSE
	EndGlobalSection
	GlobalSection(ExtensibilityGlobals) = postSolution
		SolutionGuid = {C16159EC-D690-4B43-81D3-6D949A5F36AB}
	EndGlobalSection
EndGlobal
