
Microsoft Visual Studio Solution File, Format Version 12.00
# Visual Studio Version 17
VisualStudioVersion = 17.2.32630.192
MinimumVisualStudioVersion = 10.0.40219.1
Project("{9A19103F-16F7-4668-BE54-9A1E7A4F7556}") = "Mondrian", "Mondrian\Mondrian.csproj", "{78C14CFB-6099-43FC-AA0F-05FDBEAB5071}"
EndProject
Project("{9A19103F-16F7-4668-BE54-9A1E7A4F7556}") = "Core", "Core\Core.csproj", "{677AF2BD-0309-4174-A827-C3F739AB805A}"
EndProject
Project("{9A19103F-16F7-4668-BE54-9A1E7A4F7556}") = "Visualizer", "Visualizer\Visualizer.csproj", "{0481AD3A-70C6-4B5B-BDF8-342913C08A7B}"
EndProject
Project("{9A19103F-16F7-4668-BE54-9A1E7A4F7556}") = "AI", "AI\AI.csproj", "{8623F5B5-A454-4F07-81C0-11B393497B86}"
EndProject
Project("{FAE04EC0-301F-11D3-BF4B-00C04F79EFBC}") = "Tests", "Tests\Tests.csproj", "{3D5EF439-157E-4C24-9BB2-B6ABE31F83A0}"
EndProject
Global
	GlobalSection(SolutionConfigurationPlatforms) = preSolution
		Debug|Any CPU = Debug|Any CPU
		Release|Any CPU = Release|Any CPU
	EndGlobalSection
	GlobalSection(ProjectConfigurationPlatforms) = postSolution
		{78C14CFB-6099-43FC-AA0F-05FDBEAB5071}.Debug|Any CPU.ActiveCfg = Debug|Any CPU
		{78C14CFB-6099-43FC-AA0F-05FDBEAB5071}.Debug|Any CPU.Build.0 = Debug|Any CPU
		{78C14CFB-6099-43FC-AA0F-05FDBEAB5071}.Release|Any CPU.ActiveCfg = Release|Any CPU
		{78C14CFB-6099-43FC-AA0F-05FDBEAB5071}.Release|Any CPU.Build.0 = Release|Any CPU
		{677AF2BD-0309-4174-A827-C3F739AB805A}.Debug|Any CPU.ActiveCfg = Debug|Any CPU
		{677AF2BD-0309-4174-A827-C3F739AB805A}.Debug|Any CPU.Build.0 = Debug|Any CPU
		{677AF2BD-0309-4174-A827-C3F739AB805A}.Release|Any CPU.ActiveCfg = Release|Any CPU
		{677AF2BD-0309-4174-A827-C3F739AB805A}.Release|Any CPU.Build.0 = Release|Any CPU
		{0481AD3A-70C6-4B5B-BDF8-342913C08A7B}.Debug|Any CPU.ActiveCfg = Debug|Any CPU
		{0481AD3A-70C6-4B5B-BDF8-342913C08A7B}.Debug|Any CPU.Build.0 = Debug|Any CPU
		{0481AD3A-70C6-4B5B-BDF8-342913C08A7B}.Release|Any CPU.ActiveCfg = Release|Any CPU
		{0481AD3A-70C6-4B5B-BDF8-342913C08A7B}.Release|Any CPU.Build.0 = Release|Any CPU
		{8623F5B5-A454-4F07-81C0-11B393497B86}.Debug|Any CPU.ActiveCfg = Debug|Any CPU
		{8623F5B5-A454-4F07-81C0-11B393497B86}.Debug|Any CPU.Build.0 = Debug|Any CPU
		{8623F5B5-A454-4F07-81C0-11B393497B86}.Release|Any CPU.ActiveCfg = Release|Any CPU
		{8623F5B5-A454-4F07-81C0-11B393497B86}.Release|Any CPU.Build.0 = Release|Any CPU
		{3D5EF439-157E-4C24-9BB2-B6ABE31F83A0}.Debug|Any CPU.ActiveCfg = Debug|Any CPU
		{3D5EF439-157E-4C24-9BB2-B6ABE31F83A0}.Debug|Any CPU.Build.0 = Debug|Any CPU
		{3D5EF439-157E-4C24-9BB2-B6ABE31F83A0}.Release|Any CPU.ActiveCfg = Release|Any CPU
		{3D5EF439-157E-4C24-9BB2-B6ABE31F83A0}.Release|Any CPU.Build.0 = Release|Any CPU
	EndGlobalSection
	GlobalSection(SolutionProperties) = preSolution
		HideSolutionNode = FALSE
	EndGlobalSection
	GlobalSection(ExtensibilityGlobals) = postSolution
		SolutionGuid = {C16159EC-D690-4B43-81D3-6D949A5F36AB}
	EndGlobalSection
EndGlobal
